# THIS IS AN AUTOGENERATED FILE. DO NOT EDIT THIS FILE DIRECTLY.
# yarn lockfile v1


attr-accept@^2.2.1:
  version "2.2.2"
  resolved "https://registry.yarnpkg.com/attr-accept/-/attr-accept-2.2.2.tgz#646613809660110749e92f2c10833b70968d929b"
  integrity sha512-7prDjvt9HmqiZ0cl5CRjtS84sEyhsHP2coDkaZKRKVfCDo9s7iw7ChVmar78Gu9pC4SoR/28wFu/G5JJhTnqEg==

file-selector@^0.2.2:
  version "0.2.3"
  resolved "https://registry.yarnpkg.com/file-selector/-/file-selector-0.2.3.tgz#e2958cdd4366f95e59dc618b95c700abe72ed7a6"
  integrity sha512-d+hc9ctodLSVG55V2V5I4/eJBEr2p2na/kDN46Ty7PBhdp/Q5NmeQTXKa1Hx3AcIL1lgSFKZI0ve/v5ZXGCDkQ==
  dependencies:
    tslib "^2.0.3"

"js-tokens@^3.0.0 || ^4.0.0":
  version "4.0.0"
  resolved "https://registry.yarnpkg.com/js-tokens/-/js-tokens-4.0.0.tgz#19203fb59991df98e3a287050d4647cdeaf32499"
  integrity sha512-RdJUflcE3cUzKiMqQgsCu06FPu9UdIJO0beYbPhHN4k6apgJtifcoCtT9bcxOpYBtpD2kCM6Sbzg4CausW/PKQ==

loose-envify@^1.1.0, loose-envify@^1.4.0:
  version "1.4.0"
  resolved "https://registry.yarnpkg.com/loose-envify/-/loose-envify-1.4.0.tgz#71ee51fa7be4caec1a63839f7e682d8132d30caf"
  integrity sha512-lyuxPGr/Wfhrlem2CL/UcnUc1zcqKAImBDzukY7Y5F/yQiNdko6+fRLevlw1HgMySw7f611UIY408EtxRSoK3Q==
  dependencies:
    js-tokens "^3.0.0 || ^4.0.0"

object-assign@^4.1.1:
  version "4.1.1"
  resolved "https://registry.yarnpkg.com/object-assign/-/object-assign-4.1.1.tgz#2109adc7965887cfc05cbbd442cac8bfbb360863"
  integrity sha1-IQmtx5ZYh8/AXLvUQsrIv7s2CGM=

papaparse@^5.3.0:
  version "5.3.0"
  resolved "https://registry.yarnpkg.com/papaparse/-/papaparse-5.3.0.tgz#ab1702feb96e79ab4309652f36db9536563ad05a"
  integrity sha512-Lb7jN/4bTpiuGPrYy4tkKoUS8sTki8zacB5ke1p5zolhcSE4TlWgrlsxjrDTbG/dFVh07ck7X36hUf/b5V68pg==

prop-types@^15.7.2:
  version "15.7.2"
  resolved "https://registry.yarnpkg.com/prop-types/-/prop-types-15.7.2.tgz#52c41e75b8c87e72b9d9360e0206b99dcbffa6c5"
  integrity sha512-8QQikdH7//R2vurIJSutZ1smHYTcLpRWEOlHnzcWHmBYrOGUysKwSsrC89BCiFj3CbrfJ/nXFdJepOVrY1GCHQ==
  dependencies:
    loose-envify "^1.4.0"
    object-assign "^4.1.1"
    react-is "^16.8.1"

react-csv-importer@^0.7.0:
  version "0.7.0"
  resolved "https://registry.yarnpkg.com/react-csv-importer/-/react-csv-importer-0.7.0.tgz#186ebfeb88388d957b319ce24a384dbfe5211062"
  integrity sha512-eDo3b5PpMV6KAkJ+zEZXc26sgfAjTur1zfY/nJ9wPbAS9yUzw8pp6CJdfx+qmimrf3Q4yj54mfXPLs/IhntpJQ==
  dependencies:
    papaparse "^5.3.0"
    react-dropzone "^11.0.3"
    react-use-gesture "^7.0.16"

react-dom@^17.0.1:
  version "17.0.1"
  resolved "https://registry.yarnpkg.com/react-dom/-/react-dom-17.0.1.tgz#1de2560474ec9f0e334285662ede52dbc5426fc6"
  integrity sha512-6eV150oJZ9U2t9svnsspTMrWNyHc6chX0KzDeAOXftRa8bNeOKTTfCJ7KorIwenkHd2xqVTBTCZd79yk/lx/Ug==
  dependencies:
    loose-envify "^1.1.0"
    object-assign "^4.1.1"
    scheduler "^0.20.1"

react-dropzone@^11.0.3:
  version "11.2.4"
  resolved "https://registry.yarnpkg.com/react-dropzone/-/react-dropzone-11.2.4.tgz#391a8d2e41a8a974340f83524d306540192e3313"
  integrity sha512-EGSvK2CxFTuc28WxwuJCICyuYFX8b+sRumwU6Bs6sTbElV2HtQkT0d6C+HEee6XfbjiLIZ+Th9uji27rvo2wGw==
  dependencies:
    attr-accept "^2.2.1"
    file-selector "^0.2.2"
    prop-types "^15.7.2"

react-is@^16.8.1:
  version "16.13.1"
  resolved "https://registry.yarnpkg.com/react-is/-/react-is-16.13.1.tgz#789729a4dc36de2999dc156dd6c1d9c18cea56a4"
  integrity sha512-24e6ynE2H+OKt4kqsOvNd8kBpV65zoxbA4BVsEOB3ARVWQki/DHzaUoC5KuON/BiccDaCCTZBuOcfZs70kR8bQ==

react-use-gesture@^7.0.16:
  version "7.0.16"
  resolved "https://registry.yarnpkg.com/react-use-gesture/-/react-use-gesture-7.0.16.tgz#501985261ef9c815a377b6ff9be6df5a85fbb54f"
  integrity sha512-gwgX+E+WQG0T1uFVl3z8j3ZwH3QQGIgVl7VtQEC2m0IscSs668sSps4Ss3CFp3Vns8xx0j9TVK4aBXH6+YrpEg==

react@^17.0.1:
  version "17.0.1"
  resolved "https://registry.yarnpkg.com/react/-/react-17.0.1.tgz#6e0600416bd57574e3f86d92edba3d9008726127"
  integrity sha512-lG9c9UuMHdcAexXtigOZLX8exLWkW0Ku29qPRU8uhF2R9BN96dLCt0psvzPLlHc5OWkgymP3qwTRgbnw5BKx3w==
  dependencies:
    loose-envify "^1.1.0"
    object-assign "^4.1.1"

scheduler@^0.20.1:
  version "0.20.1"
  resolved "https://registry.yarnpkg.com/scheduler/-/scheduler-0.20.1.tgz#da0b907e24026b01181ecbc75efdc7f27b5a000c"
  integrity sha512-LKTe+2xNJBNxu/QhHvDR14wUXHRQbVY5ZOYpOGWRzhydZUqrLb2JBvLPY7cAqFmqrWuDED0Mjk7013SZiOz6Bw==
  dependencies:
    loose-envify "^1.1.0"
    object-assign "^4.1.1"

tslib@^2.0.3:
  version "2.0.3"
  resolved "https://registry.yarnpkg.com/tslib/-/tslib-2.0.3.tgz#8e0741ac45fc0c226e58a17bfc3e64b9bc6ca61c"
  integrity sha512-uZtkfKblCEQtZKBF6EBXVZeQNl82yqtDQdv+eck8u7tdPxjLu2/lp5/uPW+um2tpuxINHWy3GhiccY7QgEaVHQ==
